
Microsoft Visual Studio Solution File, Format Version 12.00
# Visual Studio Version 17
VisualStudioVersion = 17.9.34728.123
MinimumVisualStudioVersion = 10.0.40219.1
Project("{9A19103F-16F7-4668-BE54-9A1E7A4F7556}") = "ContactCenter.DataLookup", "ContactCenter.DataLookup\ContactCenter.DataLookup.csproj", "{46D94B04-894A-4FB6-BA3F-2E7192386DDD}"
EndProject
Project("{9A19103F-16F7-4668-BE54-9A1E7A4F7556}") = "ContactCenter.DataModels", "ContactCenter.DataModels\ContactCenter.DataModels.csproj", "{00201C3A-80A9-46D0-869B-35B503949C29}"
EndProject
Project("{9A19103F-16F7-4668-BE54-9A1E7A4F7556}") = "ContactCenter.IntentLookup", "ContactCenter.IntentLookup.cs\ContactCenter.IntentLookup.csproj", "{2DF9B842-11C1-4643-BB48-383E3CF9AF32}"
EndProject
Project("{2150E333-8FDC-42A3-9474-1A3956D46DE8}") = "Solution Items", "Solution Items", "{7A656A88-9855-43AD-9AAB-84778A55EDBB}"
	ProjectSection(SolutionItems) = preProject
		..\Sample Arch Diagram.jpg = ..\Sample Arch Diagram.jpg
	EndProjectSection
EndProject
Global
	GlobalSection(SolutionConfigurationPlatforms) = preSolution
		Debug|Any CPU = Debug|Any CPU
		Release|Any CPU = Release|Any CPU
	EndGlobalSection
	GlobalSection(ProjectConfigurationPlatforms) = postSolution
		{46D94B04-894A-4FB6-BA3F-2E7192386DDD}.Debug|Any CPU.ActiveCfg = Debug|Any CPU
		{46D94B04-894A-4FB6-BA3F-2E7192386DDD}.Debug|Any CPU.Build.0 = Debug|Any CPU
		{46D94B04-894A-4FB6-BA3F-2E7192386DDD}.Release|Any CPU.ActiveCfg = Release|Any CPU
		{46D94B04-894A-4FB6-BA3F-2E7192386DDD}.Release|Any CPU.Build.0 = Release|Any CPU
		{00201C3A-80A9-46D0-869B-35B503949C29}.Debug|Any CPU.ActiveCfg = Debug|Any CPU
		{00201C3A-80A9-46D0-869B-35B503949C29}.Debug|Any CPU.Build.0 = Debug|Any CPU
		{00201C3A-80A9-46D0-869B-35B503949C29}.Release|Any CPU.ActiveCfg = Release|Any CPU
		{00201C3A-80A9-46D0-869B-35B503949C29}.Release|Any CPU.Build.0 = Release|Any CPU
		{2DF9B842-11C1-4643-BB48-383E3CF9AF32}.Debug|Any CPU.ActiveCfg = Debug|Any CPU
		{2DF9B842-11C1-4643-BB48-383E3CF9AF32}.Debug|Any CPU.Build.0 = Debug|Any CPU
		{2DF9B842-11C1-4643-BB48-383E3CF9AF32}.Release|Any CPU.ActiveCfg = Release|Any CPU
		{2DF9B842-11C1-4643-BB48-383E3CF9AF32}.Release|Any CPU.Build.0 = Release|Any CPU
	EndGlobalSection
	GlobalSection(SolutionProperties) = preSolution
		HideSolutionNode = FALSE
	EndGlobalSection
	GlobalSection(ExtensibilityGlobals) = postSolution
		SolutionGuid = {1594AAED-3679-47ED-9291-C6D78E2F3F7B}
	EndGlobalSection
EndGlobal
